
Microsoft Visual Studio Solution File, Format Version 12.00
# Visual Studio 15
VisualStudioVersion = 15.0.27130.2036
MinimumVisualStudioVersion = 10.0.40219.1
Project("{FAE04EC0-301F-11D3-BF4B-00C04F79EFBC}") = "PFE", "PFE\PFE.csproj", "{64990783-3E2C-4415-BFFF-564B8FDB3BD9}"
EndProject
Global
	GlobalSection(SolutionConfigurationPlatforms) = preSolution
		Debug|Any CPU = Debug|Any CPU
		Release|Any CPU = Release|Any CPU
	EndGlobalSection
	GlobalSection(ProjectConfigurationPlatforms) = postSolution
		{64990783-3E2C-4415-BFFF-564B8FDB3BD9}.Debug|Any CPU.ActiveCfg = Debug|Any CPU
		{64990783-3E2C-4415-BFFF-564B8FDB3BD9}.Debug|Any CPU.Build.0 = Debug|Any CPU
		{64990783-3E2C-4415-BFFF-564B8FDB3BD9}.Release|Any CPU.ActiveCfg = Release|Any CPU
		{64990783-3E2C-4415-BFFF-564B8FDB3BD9}.Release|Any CPU.Build.0 = Release|Any CPU
	EndGlobalSection
	GlobalSection(SolutionProperties) = preSolution
		HideSolutionNode = FALSE
	EndGlobalSection
	GlobalSection(ExtensibilityGlobals) = postSolution
		SolutionGuid = {28099B3E-8E59-4864-B08B-6A1FB7E4A9F8}
	EndGlobalSection
EndGlobal
